
Microsoft Visual Studio Solution File, Format Version 12.00
# Visual Studio Version 17
VisualStudioVersion = 17.1.32319.34
MinimumVisualStudioVersion = 10.0.40219.1
Project("{9A19103F-16F7-4668-BE54-9A1E7A4F7556}") = "OnlineShop.IdentityServer", "src\OnlineShop.IdentityServer\OnlineShop.IdentityServer.csproj", "{868CD5F7-308C-47AE-AB91-282983402BB2}"
EndProject
Project("{2150E333-8FDC-42A3-9474-1A3956D46DE8}") = "libs", "libs", "{5896423C-0FFC-4A60-9F6A-23C6063A9594}"
EndProject
Project("{2150E333-8FDC-42A3-9474-1A3956D46DE8}") = "tools", "tools", "{69AC3819-7829-4540-990A-91850B8D6C85}"
EndProject
Project("{9A19103F-16F7-4668-BE54-9A1E7A4F7556}") = "OnlineShop.Library", "src\OnlineShop.Library\OnlineShop.Library.csproj", "{B5CE6C35-4F16-4BA7-8673-6378081B18C9}"
EndProject
Project("{2150E333-8FDC-42A3-9474-1A3956D46DE8}") = "scripts", "scripts", "{8397BDEA-963C-4C08-B8A6-B515D9DBF283}"
EndProject
Project("{2150E333-8FDC-42A3-9474-1A3956D46DE8}") = "sql", "sql", "{53CFB415-94A7-435C-AC5F-1DFAB90E15FD}"
	ProjectSection(SolutionItems) = preProject
		scripts\sql\is_clean_up.sql = scripts\sql\is_clean_up.sql
		scripts\sql\orders_clean_up.sql = scripts\sql\orders_clean_up.sql
		scripts\sql\roles_claims_constraints_fix.sql = scripts\sql\roles_claims_constraints_fix.sql
		scripts\sql\users_clean_up.sql = scripts\sql\users_clean_up.sql
	EndProjectSection
EndProject
Project("{2150E333-8FDC-42A3-9474-1A3956D46DE8}") = "services", "services", "{605AA981-BB79-4F02-9AAC-27472468F0FD}"
EndProject
Project("{9A19103F-16F7-4668-BE54-9A1E7A4F7556}") = "OnlineShop.UserManagementService", "src\OnlineShop.UserManagementService\OnlineShop.UserManagementService.csproj", "{36D3B845-8DB7-47CA-867A-DF01F33CA9F6}"
EndProject
Project("{9A19103F-16F7-4668-BE54-9A1E7A4F7556}") = "OnlineShop.ConsoleAppTestApp", "src\OnlineShop.ConsoleAppTestApp\OnlineShop.ConsoleAppTestApp.csproj", "{619451EE-902B-461B-BA78-7E9B0053F71E}"
EndProject
Project("{9A19103F-16F7-4668-BE54-9A1E7A4F7556}") = "OnlineShop.OrdersService", "src\OnlineShop.OrdersService\OnlineShop.OrdersService.csproj", "{6318DAE6-8642-402D-8A14-B490A759300D}"
EndProject
Project("{9A19103F-16F7-4668-BE54-9A1E7A4F7556}") = "OnlineShop.ArticlesService", "src\OnlineShop.ArticlesService\OnlineShop.ArticlesService.csproj", "{0F6F376B-0E89-4B54-AA2E-AD9F7C02BCAF}"
EndProject
Project("{2150E333-8FDC-42A3-9474-1A3956D46DE8}") = "tests", "tests", "{4832003A-E6BC-45C9-9BAE-5ED7A7398D95}"
EndProject
Project("{9A19103F-16F7-4668-BE54-9A1E7A4F7556}") = "OnlineShop.OrdersService.ApiTests", "src\OnlineShop.OrdersService.ApiTests\OnlineShop.OrdersService.ApiTests.csproj", "{BB689D9E-B183-43F7-A830-3AD6FAEE74F8}"
EndProject
Project("{9A19103F-16F7-4668-BE54-9A1E7A4F7556}") = "OnlineShop.ArticlesService.ApiTests", "src\OnlineShop.ArticlesService.ApiTests\OnlineShop.ArticlesService.ApiTests.csproj", "{D4430292-7F7F-4144-A09B-93FF0D10A1D0}"
EndProject
Project("{9A19103F-16F7-4668-BE54-9A1E7A4F7556}") = "OnlineShop.ApiService", "OnlineShop.ApiService\OnlineShop.ApiService.csproj", "{6B879916-B78E-4979-9F4C-3F3B74A416F7}"
EndProject
Project("{2150E333-8FDC-42A3-9474-1A3956D46DE8}") = "rest", "rest", "{741DD7C2-2747-4284-8EDD-75EA6A7A9BC9}"
	ProjectSection(SolutionItems) = preProject
		scripts\rest\api.http = scripts\rest\api.http
		scripts\rest\identity.http = scripts\rest\identity.http
	EndProjectSection
EndProject
Project("{FAE04EC0-301F-11D3-BF4B-00C04F79EFBC}") = "OnlineShop.ApiService.ApiTests", "src\OnlineShop.ApiService.ApiTests\OnlineShop.ApiService.ApiTests.csproj", "{FFCAF75C-CE63-45D3-95BC-7F7AA98522E6}"
EndProject
Global
	GlobalSection(SolutionConfigurationPlatforms) = preSolution
		Debug|Any CPU = Debug|Any CPU
		Release|Any CPU = Release|Any CPU
	EndGlobalSection
	GlobalSection(ProjectConfigurationPlatforms) = postSolution
		{868CD5F7-308C-47AE-AB91-282983402BB2}.Debug|Any CPU.ActiveCfg = Debug|Any CPU
		{868CD5F7-308C-47AE-AB91-282983402BB2}.Debug|Any CPU.Build.0 = Debug|Any CPU
		{868CD5F7-308C-47AE-AB91-282983402BB2}.Release|Any CPU.ActiveCfg = Release|Any CPU
		{868CD5F7-308C-47AE-AB91-282983402BB2}.Release|Any CPU.Build.0 = Release|Any CPU
		{B5CE6C35-4F16-4BA7-8673-6378081B18C9}.Debug|Any CPU.ActiveCfg = Debug|Any CPU
		{B5CE6C35-4F16-4BA7-8673-6378081B18C9}.Debug|Any CPU.Build.0 = Debug|Any CPU
		{B5CE6C35-4F16-4BA7-8673-6378081B18C9}.Release|Any CPU.ActiveCfg = Release|Any CPU
		{B5CE6C35-4F16-4BA7-8673-6378081B18C9}.Release|Any CPU.Build.0 = Release|Any CPU
		{36D3B845-8DB7-47CA-867A-DF01F33CA9F6}.Debug|Any CPU.ActiveCfg = Debug|Any CPU
		{36D3B845-8DB7-47CA-867A-DF01F33CA9F6}.Debug|Any CPU.Build.0 = Debug|Any CPU
		{36D3B845-8DB7-47CA-867A-DF01F33CA9F6}.Release|Any CPU.ActiveCfg = Release|Any CPU
		{36D3B845-8DB7-47CA-867A-DF01F33CA9F6}.Release|Any CPU.Build.0 = Release|Any CPU
		{619451EE-902B-461B-BA78-7E9B0053F71E}.Debug|Any CPU.ActiveCfg = Debug|Any CPU
		{619451EE-902B-461B-BA78-7E9B0053F71E}.Debug|Any CPU.Build.0 = Debug|Any CPU
		{619451EE-902B-461B-BA78-7E9B0053F71E}.Release|Any CPU.ActiveCfg = Release|Any CPU
		{619451EE-902B-461B-BA78-7E9B0053F71E}.Release|Any CPU.Build.0 = Release|Any CPU
		{6318DAE6-8642-402D-8A14-B490A759300D}.Debug|Any CPU.ActiveCfg = Debug|Any CPU
		{6318DAE6-8642-402D-8A14-B490A759300D}.Debug|Any CPU.Build.0 = Debug|Any CPU
		{6318DAE6-8642-402D-8A14-B490A759300D}.Release|Any CPU.ActiveCfg = Release|Any CPU
		{6318DAE6-8642-402D-8A14-B490A759300D}.Release|Any CPU.Build.0 = Release|Any CPU
		{0F6F376B-0E89-4B54-AA2E-AD9F7C02BCAF}.Debug|Any CPU.ActiveCfg = Debug|Any CPU
		{0F6F376B-0E89-4B54-AA2E-AD9F7C02BCAF}.Debug|Any CPU.Build.0 = Debug|Any CPU
		{0F6F376B-0E89-4B54-AA2E-AD9F7C02BCAF}.Release|Any CPU.ActiveCfg = Release|Any CPU
		{0F6F376B-0E89-4B54-AA2E-AD9F7C02BCAF}.Release|Any CPU.Build.0 = Release|Any CPU
		{BB689D9E-B183-43F7-A830-3AD6FAEE74F8}.Debug|Any CPU.ActiveCfg = Debug|Any CPU
		{BB689D9E-B183-43F7-A830-3AD6FAEE74F8}.Debug|Any CPU.Build.0 = Debug|Any CPU
		{BB689D9E-B183-43F7-A830-3AD6FAEE74F8}.Release|Any CPU.ActiveCfg = Release|Any CPU
		{BB689D9E-B183-43F7-A830-3AD6FAEE74F8}.Release|Any CPU.Build.0 = Release|Any CPU
		{D4430292-7F7F-4144-A09B-93FF0D10A1D0}.Debug|Any CPU.ActiveCfg = Debug|Any CPU
		{D4430292-7F7F-4144-A09B-93FF0D10A1D0}.Debug|Any CPU.Build.0 = Debug|Any CPU
		{D4430292-7F7F-4144-A09B-93FF0D10A1D0}.Release|Any CPU.ActiveCfg = Release|Any CPU
		{D4430292-7F7F-4144-A09B-93FF0D10A1D0}.Release|Any CPU.Build.0 = Release|Any CPU
		{6B879916-B78E-4979-9F4C-3F3B74A416F7}.Debug|Any CPU.ActiveCfg = Debug|Any CPU
		{6B879916-B78E-4979-9F4C-3F3B74A416F7}.Debug|Any CPU.Build.0 = Debug|Any CPU
		{6B879916-B78E-4979-9F4C-3F3B74A416F7}.Release|Any CPU.ActiveCfg = Release|Any CPU
		{6B879916-B78E-4979-9F4C-3F3B74A416F7}.Release|Any CPU.Build.0 = Release|Any CPU
		{FFCAF75C-CE63-45D3-95BC-7F7AA98522E6}.Debug|Any CPU.ActiveCfg = Debug|Any CPU
		{FFCAF75C-CE63-45D3-95BC-7F7AA98522E6}.Debug|Any CPU.Build.0 = Debug|Any CPU
		{FFCAF75C-CE63-45D3-95BC-7F7AA98522E6}.Release|Any CPU.ActiveCfg = Release|Any CPU
		{FFCAF75C-CE63-45D3-95BC-7F7AA98522E6}.Release|Any CPU.Build.0 = Release|Any CPU
	EndGlobalSection
	GlobalSection(SolutionProperties) = preSolution
		HideSolutionNode = FALSE
	EndGlobalSection
	GlobalSection(NestedProjects) = preSolution
		{868CD5F7-308C-47AE-AB91-282983402BB2} = {69AC3819-7829-4540-990A-91850B8D6C85}
		{B5CE6C35-4F16-4BA7-8673-6378081B18C9} = {5896423C-0FFC-4A60-9F6A-23C6063A9594}
		{53CFB415-94A7-435C-AC5F-1DFAB90E15FD} = {8397BDEA-963C-4C08-B8A6-B515D9DBF283}
		{36D3B845-8DB7-47CA-867A-DF01F33CA9F6} = {605AA981-BB79-4F02-9AAC-27472468F0FD}
		{619451EE-902B-461B-BA78-7E9B0053F71E} = {69AC3819-7829-4540-990A-91850B8D6C85}
		{6318DAE6-8642-402D-8A14-B490A759300D} = {605AA981-BB79-4F02-9AAC-27472468F0FD}
		{0F6F376B-0E89-4B54-AA2E-AD9F7C02BCAF} = {605AA981-BB79-4F02-9AAC-27472468F0FD}
		{BB689D9E-B183-43F7-A830-3AD6FAEE74F8} = {4832003A-E6BC-45C9-9BAE-5ED7A7398D95}
		{D4430292-7F7F-4144-A09B-93FF0D10A1D0} = {4832003A-E6BC-45C9-9BAE-5ED7A7398D95}
		{6B879916-B78E-4979-9F4C-3F3B74A416F7} = {605AA981-BB79-4F02-9AAC-27472468F0FD}
		{741DD7C2-2747-4284-8EDD-75EA6A7A9BC9} = {8397BDEA-963C-4C08-B8A6-B515D9DBF283}
		{FFCAF75C-CE63-45D3-95BC-7F7AA98522E6} = {4832003A-E6BC-45C9-9BAE-5ED7A7398D95}
	EndGlobalSection
	GlobalSection(ExtensibilityGlobals) = postSolution
		SolutionGuid = {D0AE5EBA-8C07-4DBB-A3E2-7D6420A28001}
	EndGlobalSection
EndGlobal
