
Microsoft Visual Studio Solution File, Format Version 12.00
# Visual Studio Version 17
VisualStudioVersion = 17.1.32319.34
MinimumVisualStudioVersion = 10.0.40219.1
Project("{9A19103F-16F7-4668-BE54-9A1E7A4F7556}") = "OnlineShop.Ui", "OnlineShop.Ui.csproj", "{39380641-4B4A-4D73-A577-D5ACD6320615}"
EndProject
Global
	GlobalSection(SolutionConfigurationPlatforms) = preSolution
		Debug|Any CPU = Debug|Any CPU
		Release|Any CPU = Release|Any CPU
	EndGlobalSection
	GlobalSection(ProjectConfigurationPlatforms) = postSolution
		{39380641-4B4A-4D73-A577-D5ACD6320615}.Debug|Any CPU.ActiveCfg = Debug|Any CPU
		{39380641-4B4A-4D73-A577-D5ACD6320615}.Debug|Any CPU.Build.0 = Debug|Any CPU
		{39380641-4B4A-4D73-A577-D5ACD6320615}.Release|Any CPU.ActiveCfg = Release|Any CPU
		{39380641-4B4A-4D73-A577-D5ACD6320615}.Release|Any CPU.Build.0 = Release|Any CPU
	EndGlobalSection
	GlobalSection(SolutionProperties) = preSolution
		HideSolutionNode = FALSE
	EndGlobalSection
	GlobalSection(ExtensibilityGlobals) = postSolution
		SolutionGuid = {EC1311C8-B335-49E3-9BB2-71FB36ACA889}
	EndGlobalSection
EndGlobal
